
Microsoft Visual Studio Solution File, Format Version 12.00
# Visual Studio 15
VisualStudioVersion = 15.0.28307.489
MinimumVisualStudioVersion = 10.0.40219.1
Project("{8BC9CEB8-8B4A-11D0-8D11-00A0C91BC942}") = "hauwei", "hauwei\hauwei.vcxproj", "{ABFFD334-3797-404E-8EEE-470A2E9DB76C}"
EndProject
Global
	GlobalSection(SolutionConfigurationPlatforms) = preSolution
		Debug|x64 = Debug|x64
		Debug|x86 = Debug|x86
		Release|x64 = Release|x64
		Release|x86 = Release|x86
	EndGlobalSection
	GlobalSection(ProjectConfigurationPlatforms) = postSolution
		{ABFFD334-3797-404E-8EEE-470A2E9DB76C}.Debug|x64.ActiveCfg = Debug|x64
		{ABFFD334-3797-404E-8EEE-470A2E9DB76C}.Debug|x64.Build.0 = Debug|x64
		{ABFFD334-3797-404E-8EEE-470A2E9DB76C}.Debug|x86.ActiveCfg = Debug|Win32
		{ABFFD334-3797-404E-8EEE-470A2E9DB76C}.Debug|x86.Build.0 = Debug|Win32
		{ABFFD334-3797-404E-8EEE-470A2E9DB76C}.Release|x64.ActiveCfg = Release|x64
		{ABFFD334-3797-404E-8EEE-470A2E9DB76C}.Release|x64.Build.0 = Release|x64
		{ABFFD334-3797-404E-8EEE-470A2E9DB76C}.Release|x86.ActiveCfg = Release|Win32
		{ABFFD334-3797-404E-8EEE-470A2E9DB76C}.Release|x86.Build.0 = Release|Win32
	EndGlobalSection
	GlobalSection(SolutionProperties) = preSolution
		HideSolutionNode = FALSE
	EndGlobalSection
	GlobalSection(ExtensibilityGlobals) = postSolution
		SolutionGuid = {F9F55E3D-73D2-439D-B267-EC6ADF02AEF9}
	EndGlobalSection
EndGlobal
